{
  "object": {
    "pins": [
      {
        "package": "CCWrapper",
        "repositoryURL": "https://github.com/Craz1k0ek/CCWrapper.git",
        "state": {
          "branch": null,
          "revision": "d1c805891b340224582949bfbbb496a8c32202a3",
          "version": "1.1.1"
        }
      }
    ]
  },
  "version": 1
}
